# THIS IS AN AUTOGENERATED FILE. DO NOT EDIT THIS FILE DIRECTLY.
# yarn lockfile v1


"@xmldom/xmldom@^0.7.5":
  version "0.7.5"
  resolved "https://registry.yarnpkg.com/@xmldom/xmldom/-/xmldom-0.7.5.tgz#09fa51e356d07d0be200642b0e4f91d8e6dd408d"
  integrity sha512-V3BIhmY36fXZ1OtVcI9W+FxQqxVLsPKcNjWigIaa81dLC9IolJl5Mt4Cvhmr0flUnjSpTdrbMTSbXqYqV5dT6A==

file-dialog@^0.0.8:
  version "0.0.8"
  resolved "https://registry.yarnpkg.com/file-dialog/-/file-dialog-0.0.8.tgz#9137155ffe4abf4e1546aba3ed17e395fbf92aba"
  integrity sha512-KnYitqNf/rANEhUxWzkINAaMVc7SshejwA5HEd5Wr8lEJQX1Js1LCndectS44SXTnXWK+jbHQYs4R6CaG+7Jkg==

node-file-dialog@^1.0.3:
  version "1.0.3"
  resolved "https://registry.yarnpkg.com/node-file-dialog/-/node-file-dialog-1.0.3.tgz#feb97a452689ee8c470979a5fbceee1f2f131c2b"
  integrity sha512-hFOeuQHWk1f44jFI6LB7SxDWBRzN/RhLPTTn6PiD4qsRAwv7k5nWpmUbIpHkyIrJvM9Ekpwtz0dxF6zwYndK6g==

pdf2json@^2.0.1:
  version "2.0.1"
  resolved "https://registry.yarnpkg.com/pdf2json/-/pdf2json-2.0.1.tgz#72e691e0eacb5fe54d2f77d929097a3cf5974f89"
  integrity sha512-gj1kZOV2cA+bHyyZiwNU8AVduT4L+7dQODtJZRev7/23TZ0Mz5ILVLsaCLX2p7A8cdBYyDq6zXEBUBvtXgpIZg==
  dependencies:
    "@xmldom/xmldom" "^0.7.5"
